{
  "object": {
    "pins": [
      {
        "package": "Argon2Kit",
        "repositoryURL": "https://github.com/rkreutz/Argon2Kit",
        "state": {
          "branch": null,
          "revision": "87b9ca9c42304b8c6a5c14d7f6d6a0342917e71c",
          "version": "0.1.1"
        }
      },
      {
        "package": "CryptoSwift",
        "repositoryURL": "https://github.com/krzyzanowskim/CryptoSwift",
        "state": {
          "branch": null,
          "revision": "19b3c3ceed117c5cc883517c4e658548315ba70b",
          "version": "1.6.0"
        }
      },
      {
        "package": "swift-argument-parser",
        "repositoryURL": "https://github.com/apple/swift-argument-parser",
        "state": {
          "branch": null,
          "revision": "223d62adc52d51669ae2ee19bdb8b7d9fd6fcd9c",
          "version": "0.0.6"
        }
      },
      {
        "package": "UIntX",
        "repositoryURL": "https://github.com/rkreutz/UIntX",
        "state": {
          "branch": null,
          "revision": "af0adb198db9a61a3c15a8d095941ba7b4712414",
          "version": "3.0.0"
        }
      }
    ]
  },
  "version": 1
}
