{
  "object": {
    "pins": [
      {
        "package": "CryptoSwift",
        "repositoryURL": "https://github.com/krzyzanowskim/CryptoSwift",
        "state": {
          "branch": null,
          "revision": "39f08ac5269361a50c08ce1e2f41989bfc4b1ec8",
          "version": "1.3.1"
        }
      },
      {
        "package": "swift-argument-parser",
        "repositoryURL": "https://github.com/apple/swift-argument-parser",
        "state": {
          "branch": null,
          "revision": "8d31a0905c346a45c87773ad50862b5b3df8dff6",
          "version": "0.0.4"
        }
      },
      {
        "package": "UIntX",
        "repositoryURL": "https://github.com/rkreutz/UIntX",
        "state": {
          "branch": null,
          "revision": "bd6f2f563a7c23b42cf16449e31d3cbc983edb09",
          "version": "1.0.1"
        }
      }
    ]
  },
  "version": 1
}
